
Microsoft Visual Studio Solution File, Format Version 12.00
# Visual Studio Version 16
VisualStudioVersion = 16.0.30330.147
MinimumVisualStudioVersion = 10.0.40219.1
Project("{FAE04EC0-301F-11D3-BF4B-00C04F79EFBC}") = "Aula09", "Aula09\Aula09.csproj", "{7B50F4DD-FC87-4122-9EC2-25CBCEBD186E}"
EndProject
Global
	GlobalSection(SolutionConfigurationPlatforms) = preSolution
		Debug|Any CPU = Debug|Any CPU
		Release|Any CPU = Release|Any CPU
	EndGlobalSection
	GlobalSection(ProjectConfigurationPlatforms) = postSolution
		{7B50F4DD-FC87-4122-9EC2-25CBCEBD186E}.Debug|Any CPU.ActiveCfg = Debug|Any CPU
		{7B50F4DD-FC87-4122-9EC2-25CBCEBD186E}.Debug|Any CPU.Build.0 = Debug|Any CPU
		{7B50F4DD-FC87-4122-9EC2-25CBCEBD186E}.Release|Any CPU.ActiveCfg = Release|Any CPU
		{7B50F4DD-FC87-4122-9EC2-25CBCEBD186E}.Release|Any CPU.Build.0 = Release|Any CPU
	EndGlobalSection
	GlobalSection(SolutionProperties) = preSolution
		HideSolutionNode = FALSE
	EndGlobalSection
	GlobalSection(ExtensibilityGlobals) = postSolution
		SolutionGuid = {502CC03D-2249-40A3-8F79-7AE8AF7A55D1}
	EndGlobalSection
EndGlobal
